
Microsoft Visual Studio Solution File, Format Version 12.00
# Visual Studio Version 17
VisualStudioVersion = 17.9.34902.65
MinimumVisualStudioVersion = 10.0.40219.1
Project("{9A19103F-16F7-4668-BE54-9A1E7A4F7556}") = "DVLD_API", "DVLD_API\DVLD_API.csproj", "{1850714F-3FDE-4026-9F09-1D17201A3365}"
EndProject
Global
	GlobalSection(SolutionConfigurationPlatforms) = preSolution
		Debug|Any CPU = Debug|Any CPU
		Release|Any CPU = Release|Any CPU
	EndGlobalSection
	GlobalSection(ProjectConfigurationPlatforms) = postSolution
		{1850714F-3FDE-4026-9F09-1D17201A3365}.Debug|Any CPU.ActiveCfg = Debug|Any CPU
		{1850714F-3FDE-4026-9F09-1D17201A3365}.Debug|Any CPU.Build.0 = Debug|Any CPU
		{1850714F-3FDE-4026-9F09-1D17201A3365}.Release|Any CPU.ActiveCfg = Release|Any CPU
		{1850714F-3FDE-4026-9F09-1D17201A3365}.Release|Any CPU.Build.0 = Release|Any CPU
	EndGlobalSection
	GlobalSection(SolutionProperties) = preSolution
		HideSolutionNode = FALSE
	EndGlobalSection
	GlobalSection(ExtensibilityGlobals) = postSolution
		SolutionGuid = {FBA15317-433C-4485-A00A-013DDA7B6F59}
	EndGlobalSection
EndGlobal
