
Microsoft Visual Studio Solution File, Format Version 12.00
# Visual Studio Version 17
VisualStudioVersion = 17.7.34003.232
MinimumVisualStudioVersion = 10.0.40219.1
Project("{FAE04EC0-301F-11D3-BF4B-00C04F79EFBC}") = "DVLD_DataAccess", "DVLD_DataAccess\DVLD_DataAccess.csproj", "{EFCC5A7E-2C85-4855-A830-45E0BECA6380}"
EndProject
Global
	GlobalSection(SolutionConfigurationPlatforms) = preSolution
		Debug|Any CPU = Debug|Any CPU
		Release|Any CPU = Release|Any CPU
	EndGlobalSection
	GlobalSection(ProjectConfigurationPlatforms) = postSolution
		{EFCC5A7E-2C85-4855-A830-45E0BECA6380}.Debug|Any CPU.ActiveCfg = Debug|Any CPU
		{EFCC5A7E-2C85-4855-A830-45E0BECA6380}.Debug|Any CPU.Build.0 = Debug|Any CPU
		{EFCC5A7E-2C85-4855-A830-45E0BECA6380}.Release|Any CPU.ActiveCfg = Release|Any CPU
		{EFCC5A7E-2C85-4855-A830-45E0BECA6380}.Release|Any CPU.Build.0 = Release|Any CPU
	EndGlobalSection
	GlobalSection(SolutionProperties) = preSolution
		HideSolutionNode = FALSE
	EndGlobalSection
	GlobalSection(ExtensibilityGlobals) = postSolution
		SolutionGuid = {DE548490-227F-4B16-9F57-FE03260C3DAD}
	EndGlobalSection
EndGlobal
